
Microsoft Visual Studio Solution File, Format Version 12.00
# Visual Studio Version 16
VisualStudioVersion = 16.0.31025.194
MinimumVisualStudioVersion = 10.0.40219.1
Project("{9A19103F-16F7-4668-BE54-9A1E7A4F7556}") = "Entities", "Entities\Entities.csproj", "{2BB8C2E5-1294-46E6-B698-086D619F9B1B}"
EndProject
Project("{9A19103F-16F7-4668-BE54-9A1E7A4F7556}") = "DataAccess", "DataAccess\DataAccess.csproj", "{70F1114B-26AA-4FFB-B960-B65C75053A6F}"
EndProject
Project("{9A19103F-16F7-4668-BE54-9A1E7A4F7556}") = "Business", "Business\Business.csproj", "{1B249D03-726C-4F56-8120-3653FFC28639}"
EndProject
Project("{FAE04EC0-301F-11D3-BF4B-00C04F79EFBC}") = "ConsoleUI", "ConsoleUI\ConsoleUI.csproj", "{4484DCF9-E7EF-4CDD-B6B2-99CCAE67A3D9}"
EndProject
Global
	GlobalSection(SolutionConfigurationPlatforms) = preSolution
		Debug|Any CPU = Debug|Any CPU
		Release|Any CPU = Release|Any CPU
	EndGlobalSection
	GlobalSection(ProjectConfigurationPlatforms) = postSolution
		{2BB8C2E5-1294-46E6-B698-086D619F9B1B}.Debug|Any CPU.ActiveCfg = Debug|Any CPU
		{2BB8C2E5-1294-46E6-B698-086D619F9B1B}.Debug|Any CPU.Build.0 = Debug|Any CPU
		{2BB8C2E5-1294-46E6-B698-086D619F9B1B}.Release|Any CPU.ActiveCfg = Release|Any CPU
		{2BB8C2E5-1294-46E6-B698-086D619F9B1B}.Release|Any CPU.Build.0 = Release|Any CPU
		{70F1114B-26AA-4FFB-B960-B65C75053A6F}.Debug|Any CPU.ActiveCfg = Debug|Any CPU
		{70F1114B-26AA-4FFB-B960-B65C75053A6F}.Debug|Any CPU.Build.0 = Debug|Any CPU
		{70F1114B-26AA-4FFB-B960-B65C75053A6F}.Release|Any CPU.ActiveCfg = Release|Any CPU
		{70F1114B-26AA-4FFB-B960-B65C75053A6F}.Release|Any CPU.Build.0 = Release|Any CPU
		{1B249D03-726C-4F56-8120-3653FFC28639}.Debug|Any CPU.ActiveCfg = Debug|Any CPU
		{1B249D03-726C-4F56-8120-3653FFC28639}.Debug|Any CPU.Build.0 = Debug|Any CPU
		{1B249D03-726C-4F56-8120-3653FFC28639}.Release|Any CPU.ActiveCfg = Release|Any CPU
		{1B249D03-726C-4F56-8120-3653FFC28639}.Release|Any CPU.Build.0 = Release|Any CPU
		{4484DCF9-E7EF-4CDD-B6B2-99CCAE67A3D9}.Debug|Any CPU.ActiveCfg = Debug|Any CPU
		{4484DCF9-E7EF-4CDD-B6B2-99CCAE67A3D9}.Debug|Any CPU.Build.0 = Debug|Any CPU
		{4484DCF9-E7EF-4CDD-B6B2-99CCAE67A3D9}.Release|Any CPU.ActiveCfg = Release|Any CPU
		{4484DCF9-E7EF-4CDD-B6B2-99CCAE67A3D9}.Release|Any CPU.Build.0 = Release|Any CPU
	EndGlobalSection
	GlobalSection(SolutionProperties) = preSolution
		HideSolutionNode = FALSE
	EndGlobalSection
	GlobalSection(ExtensibilityGlobals) = postSolution
		SolutionGuid = {322ABD0A-2CE0-4E25-A852-104B031ABC1A}
	EndGlobalSection
EndGlobal
